
Microsoft Visual Studio Solution File, Format Version 12.00
# Visual Studio Version 17
VisualStudioVersion = 17.14.36908.2 d17.14
MinimumVisualStudioVersion = 10.0.40219.1
Project("{FAE04EC0-301F-11D3-BF4B-00C04F79EFBC}") = "API", "API\API.csproj", "{DED7C542-CD3D-46DE-A1C9-C76A2A02546D}"
EndProject
Project("{FAE04EC0-301F-11D3-BF4B-00C04F79EFBC}") = "BLL", "BLL\BLL.csproj", "{3E1FA847-6D1B-43DA-8A2A-749904DAB4C3}"
EndProject
Project("{FAE04EC0-301F-11D3-BF4B-00C04F79EFBC}") = "DAL", "DAL\DAL.csproj", "{C8AF01E8-5DB0-479E-B5CF-611B67B6545F}"
EndProject
Project("{FAE04EC0-301F-11D3-BF4B-00C04F79EFBC}") = "Models", "Models\Models.csproj", "{44C93C92-961A-4C85-AE83-587112881663}"
EndProject
Global
	GlobalSection(SolutionConfigurationPlatforms) = preSolution
		Debug|Any CPU = Debug|Any CPU
		Release|Any CPU = Release|Any CPU
	EndGlobalSection
	GlobalSection(ProjectConfigurationPlatforms) = postSolution
		{DED7C542-CD3D-46DE-A1C9-C76A2A02546D}.Debug|Any CPU.ActiveCfg = Debug|Any CPU
		{DED7C542-CD3D-46DE-A1C9-C76A2A02546D}.Debug|Any CPU.Build.0 = Debug|Any CPU
		{DED7C542-CD3D-46DE-A1C9-C76A2A02546D}.Release|Any CPU.ActiveCfg = Release|Any CPU
		{DED7C542-CD3D-46DE-A1C9-C76A2A02546D}.Release|Any CPU.Build.0 = Release|Any CPU
		{3E1FA847-6D1B-43DA-8A2A-749904DAB4C3}.Debug|Any CPU.ActiveCfg = Debug|Any CPU
		{3E1FA847-6D1B-43DA-8A2A-749904DAB4C3}.Debug|Any CPU.Build.0 = Debug|Any CPU
		{3E1FA847-6D1B-43DA-8A2A-749904DAB4C3}.Release|Any CPU.ActiveCfg = Release|Any CPU
		{3E1FA847-6D1B-43DA-8A2A-749904DAB4C3}.Release|Any CPU.Build.0 = Release|Any CPU
		{C8AF01E8-5DB0-479E-B5CF-611B67B6545F}.Debug|Any CPU.ActiveCfg = Debug|Any CPU
		{C8AF01E8-5DB0-479E-B5CF-611B67B6545F}.Debug|Any CPU.Build.0 = Debug|Any CPU
		{C8AF01E8-5DB0-479E-B5CF-611B67B6545F}.Release|Any CPU.ActiveCfg = Release|Any CPU
		{C8AF01E8-5DB0-479E-B5CF-611B67B6545F}.Release|Any CPU.Build.0 = Release|Any CPU
		{44C93C92-961A-4C85-AE83-587112881663}.Debug|Any CPU.ActiveCfg = Debug|Any CPU
		{44C93C92-961A-4C85-AE83-587112881663}.Debug|Any CPU.Build.0 = Debug|Any CPU
		{44C93C92-961A-4C85-AE83-587112881663}.Release|Any CPU.ActiveCfg = Release|Any CPU
		{44C93C92-961A-4C85-AE83-587112881663}.Release|Any CPU.Build.0 = Release|Any CPU
	EndGlobalSection
	GlobalSection(SolutionProperties) = preSolution
		HideSolutionNode = FALSE
	EndGlobalSection
	GlobalSection(ExtensibilityGlobals) = postSolution
		SolutionGuid = {97DEE07B-59D8-49E9-8916-6F6D513CC45B}
	EndGlobalSection
EndGlobal
